Microsoft Visual Studio Solution File, Format Version 12.00
# Visual Studio Version 17
VisualStudioVersion = 17.5.2.0
MinimumVisualStudioVersion = 10.0.40219.1
Project("{FAE04EC0-301F-11D3-BF4B-00C04F79EFBC}") = "JasperReporting", "JasperReporting\JasperReporting.csproj", "{2D8DBC06-AC3B-9A40-71B4-B8D95F7FF261}"
EndProject
Global
	GlobalSection(SolutionConfigurationPlatforms) = preSolution
		Debug|Any CPU = Debug|Any CPU
		Release|Any CPU = Release|Any CPU
	EndGlobalSection
	GlobalSection(ProjectConfigurationPlatforms) = postSolution
		{2D8DBC06-AC3B-9A40-71B4-B8D95F7FF261}.Debug|Any CPU.ActiveCfg = Debug|Any CPU
		{2D8DBC06-AC3B-9A40-71B4-B8D95F7FF261}.Debug|Any CPU.Build.0 = Debug|Any CPU
		{2D8DBC06-AC3B-9A40-71B4-B8D95F7FF261}.Release|Any CPU.ActiveCfg = Release|Any CPU
		{2D8DBC06-AC3B-9A40-71B4-B8D95F7FF261}.Release|Any CPU.Build.0 = Release|Any CPU
	EndGlobalSection
	GlobalSection(SolutionProperties) = preSolution
		HideSolutionNode = FALSE
	EndGlobalSection
	GlobalSection(ExtensibilityGlobals) = postSolution
		SolutionGuid = {3FABB3D0-8075-4A07-9C37-801C2DE04F72}
	EndGlobalSection
EndGlobal
